github.com/creack/pty v1.1.9/go.mod h1:oKZEueFk5CKHvIhNR5MUki03XCEU+Q6VDXinZuGJ33E=
github.com/davecgh/go-spew v1.1.0/go.mod h1:J7Y8YcW2NihsgmVo/mv3lAwl/skON4iLHjSsI+c5H38=
github.com/davecgh/go-spew v1.1.1 h1:vj9j/u1bqnvCEfJOwUhtlOARqs3+rkHYY13jYWTU97c=
github.com/davecgh/go-spew v1.1.1/go.mod h1:J7Y8YcW2NihsgmVo/mv3lAwl/skON4iLHjSsI+c5H38=
github.com/golang/protobuf v1.5.0/go.mod h1:FsONVRAS9T7sI+LIUmWTfcYkHO4aIWwzhcaSAoJOfIk=
github.com/golang/snappy v0.0.4 h1:yAGX7huGHXlcLOEtBnF4w7FQwA26wojNCwOYAEhLjQM=
github.com/golang/snappy v0.0.4/go.mod h1:/XxbfmMg8lxefKM7IXC3fBNl/7bRcc72aCRzEWrmP2Q=
github.com/google/go-cmp v0.5.5 h1:Khx7svrCpmxxtHBq5j2mp/xVjsi8hQMfNLvJFAlrGgU=
github.com/google/go-cmp v0.5.5/go.mod h1:v8dTdLbMG2kIc/vJvl+f65V22dbkXbowE6jgT/gNBxE=
github.com/kr/pretty v0.1.0 h1:L/CwN0zerZDmRFUapSPitk6f+Q3+0za1rQkzVuMiMFI=
github.com/kr/text v0.2.0 h1:5Nx0Ya0ZqY2ygV366QzturHI13Jq95ApcVaJBhpS+AY=
github.com/kr/text v0.2.0/go.mod h1:eLer722TekiGuMkidMxC/pM04lWEeraHUUmBw8l2grE=
github.com/mattn/go-colorable v0.1.12 h1:jF+Du6AlPIjs2BiUiQlKOX0rt3SujHxPnksPKZbaA40=
github.com/mattn/go-isatty v0.0.14 h1:yVuAays6BHfxijgZPzw+3Zlu5yQgKGP2/hcQbHb7S9Y=
github.com/nmiyake/pkg/dirs v1.0.0 h1:pYeIw1wH7jh5/ew8naGE4Q56byJG7Uyi8PwwhVe/MTg=
github.com/openzipkin/zipkin-go v0.2.2 h1:nY8Hti+WKaP0cRsSeQ026wU03QsM762XBeCXBb9NAWI=
github.com/palantir/conjure-go-runtime/v2 v2.52.0 h1:And53JWTCQE9Tu8aaIqqKR+nIewf6WAAgYst6FOlbCk=
github.com/palantir/conjure-go-runtime/v2 v2.52.0/go.mod h1:GGs4rYqiUTkcnHEGMSYUg4G0w23QSDKiLyclQFjiZy4=
github.com/palantir/go-metrics v1.1.1 h1:YL/UmptBjrC6iSCTVr7vfuIcjL0M359Da3/gBGNny10=
github.com/palantir/go-metrics v1.1.1/go.mod h1:fRkuipBnsI4nD8Vd9UNcrUJvD8Y0wOJMSbicygcBrGs=
github.com/palantir/pkg v1.1.0 h1:0EhrSUP8oeeh3MUvk7V/UU7WmsN1UiJNTvNj0sN9Cpo=
github.com/palantir/pkg v1.1.0/go.mod h1:KC9srP/9ssWRxBxFCIqhUGC4Jt7OJkWRz0Iqehup1/c=
github.com/palantir/pkg/bytesbuffers v1.2.0 h1:MNcQa9oLySQ8921ULyW0lcvA+V6gBNK/K3o5K2bFh6A=
github.com/palantir/pkg/bytesbuffers v1.2.0/go.mod h1:dfUU4pJM6BisXe4rHi3OmmVZqE4O987nVYVdTt8hv6Y=
github.com/palantir/pkg/datetime v1.1.0 h1:P4ZPuQI5rM8pHJ/0g3Bgx3MQkX1zzVqrbxfyrZ88xx4=
github.com/palantir/pkg/httpserver v1.1.0 h1:AI52vj8W4LtbwCXYzAupmNqrqtWX1F+rRco6ylDUGGw=
github.com/palantir/pkg/metrics v1.4.0 h1:2Nv0tNnPvsYvjZattZHyu0K8311BoagfHaZDG5wATRk=
github.com/palantir/pkg/metrics v1.4.0/go.mod h1:W2ZT+NzOD87AhNK2pJOehVmgxu5/Y53mUeFrbsHJ6Do=
github.com/palantir/pkg/objmatcher v1.1.0 h1:bh/Set1mIL3sEJKIBbNr3afPg0PrvhPKY6deyGwGhZs=
github.com/palantir/pkg/refreshable v1.4.0 h1:qYgtrtQ2t5FWIbT3LfGAhTba5vAkBX5ODOZpBwJ1pxs=
github.com/palantir/pkg/refreshable v1.4.0/go.mod h1:g0epufT5MVDtwDpcpOv9RrheHGoZJxYPknnxIvmbZb4=
github.com/palantir/pkg/retry v1.2.0 h1:akwDfYK4p3ghBrFRKHBRLcvowq9ISkfB3wACsweY0Ho=
github.com/palantir/pkg/retry v1.2.0/go.mod h1:D55e+2WrAXKzhsLN9R5hp7/E6me6ToK1hM32r1dC4dE=
github.com/palantir/pkg/safejson v1.1.0 h1:myVdz3dGPjac1o3aYDuODk7BaYdsxHcYLfVNXMRP+MU=
github.com/palantir/pkg/safejson v1.1.0/go.mod h1:CxrDB47zqztxqu4ufDnh6MCrFhPCxXLF5pe1xj8yKlA=
github.com/palantir/pkg/safelong v1.1.0 h1:8FmSF6t5P4EPU0hjfsriVh2865IbVTZFGL9bEUsiiHU=
github.com/palantir/pkg/safeyaml v1.1.0 h1:5Pt3cGNw5QyOPYwfLsPImh+SiNIilSw3Cn4t3m7tZuo=
github.com/palantir/pkg/tlsconfig v1.2.0 h1:PL9Gj41sgyo1k/aaC31nMzB5ptrUOoAbpoj/b1f5HUc=
github.com/palantir/pkg/tlsconfig v1.2.0/go.mod h1:rptAeHKlGXfDKYFqJblgj4Po4zCzhd9squutG76Nk/4=
github.com/palantir/pkg/transform v1.1.0 h1:43tnYETShELXCRro6+uc0GlgB4GZvsQ/YNH5301IxW8=
github.com/palantir/pkg/uuid v1.2.0 h1:eb7A1clc0DzchT9G0DRXi9QEkz/IYGDzLVFqZoIfrl0=
github.com/palantir/pkg/uuid v1.2.0/go.mod h1:qGnKfswuHME/RjYVkj+SfcjvJ7C3gKZM4JEUordLhA4=
github.com/palantir/witchcraft-go-error v1.21.0 h1:+i5hWrKnOt3f7GJuWzgBbNxlQ2KQHsgPkfr6qigAPo8=
github.com/palantir/witchcraft-go-error v1.21.0/go.mod h1:S4l6fjQgk/MJbtv9WjUcp8QeaKQYzotfZNBKA+zfJ78=
github.com/palantir/witchcraft-go-logging v1.35.0 h1:TkwOcXl6f7v3FXi+VPeRzZqFd5+udhYIPfdUYONlYXo=
github.com/palantir/witchcraft-go-logging v1.35.0/go.mod h1:CZwtB7C/gCBAnvF+u4d8/6Trzv2ne8SVvK1qksCU1Y0=
github.com/palantir/witchcraft-go-params v1.18.0 h1:BpmCGvzLge5OkaLOgDWIzr7aVfIqO7J/f52A1Bg4JN4=
github.com/palantir/witchcraft-go-params v1.18.0/go.mod h1:xY6CXHAzATmzWe0pvJMDlS612jMYVvFB5giPQWn/WSo=
github.com/palantir/witchcraft-go-tracing v1.20.0 h1:VezqLf1yHkDT5geBIyl8PM3gLGPzSxxn+CVSbUs2xfg=
github.com/palantir/witchcraft-go-tracing v1.20.0/go.mod h1:1xiTjModYTIEbOzFrfahLcMs7/RxX2hfMTsl7i0NmGM=
github.com/pkg/errors v0.9.1 h1:FEBLx1zS214owpjy7qsBeixbURkuhQAwrK5UwLGTwt4=
github.com/pkg/errors v0.9.1/go.mod h1:bwawxfHBFNV+L2hUp1rHADufV3IMtnDRdf1r5NINEl0=
github.com/pmezard/go-difflib v1.0.0 h1:4DBwDE0NGyQoBHbLQYPwSUPoCMWR5BEzIk/f1lZbAQM=
github.com/pmezard/go-difflib v1.0.0/go.mod h1:iKH77koFhYxTK1pcRnkKkqfTogsbg7gZNVY4sRDYZ/4=
github.com/rs/zerolog v1.29.0 h1:Zes4hju04hjbvkVkOhdl2HpZa+0PmVwigmo8XoORE5w=
github.com/stathat/go v1.0.0/go.mod h1:+9Eg2szqkcOGWv6gfheJmBBsmq9Qf5KDbzy8/aYYR0c=
github.com/stretchr/objx v0.1.0/go.mod h1:HFkY916IF+rwdDfMAkV7OtwuqBVzrE8GR6GFx+wExME=
github.com/stretchr/objx v0.4.0/go.mod h1:YvHI0jy2hoMjB+UWwv71VJQ9isScKT/TqJzVSSt89Yw=
github.com/stretchr/objx v0.5.0/go.mod h1:Yh+to48EsGEfYuaHDzXPcE3xhTkx73EhmCGUpEOglKo=
github.com/stretchr/testify v1.7.1/go.mod h1:6Fq8oRcR53rry900zMqJjRRixrwX3KX962/h/Wwjteg=
github.com/stretchr/testify v1.8.0/go.mod h1:yNjHg4UonilssWZ8iaSj1OCr/vHnekPRkoO+kdMU+MU=
github.com/stretchr/testify v1.8.1 h1:w7B6lhMri9wdJUVmEZPGGhZzrYTPvgJArz7wNPgYKsk=
github.com/stretchr/testify v1.8.1/go.mod h1:w2LPCIKwWwSfY2zedu0+kehJoqGctiVI29o6fzry7u4=
go.uber.org/atomic v1.6.0 h1:Ezj3JGmsOnG1MoRWQkPBsKLe9DwWD9QeXzTRzzldNVk=
go.uber.org/multierr v1.5.0 h1:KCa4XfM8CWFCpxXRGok+Q0SS/0XBhMDbHHGABQLvD2A=
go.uber.org/zap v1.15.0 h1:ZZCA22JRF2gQE5FoNmhmrf7jeJJ2uhqDUNRYKm8dvmM=
golang.org/x/net v0.7.0 h1:rJrUqqhjsgNp7KqAIc25s9pZnjU7TUcSY7HcVZjdn1g=
golang.org/x/net v0.7.0/go.mod h1:2Tu9+aMcznHK/AK1HMvgo6xiTLG5rD5rZLDS+rp2Bjs=
golang.org/x/sys v0.5.0 h1:MUK/U/4lj1t1oPg0HfuXDN/Z1wv31ZJ/YcPiGccS4DU=
golang.org/x/text v0.7.0 h1:4BRB4x83lYWy72KwLD/qYDuTu7q9PjSagHvijDw7cLo=
golang.org/x/text v0.7.0/go.mod h1:mrYo+phRRbMaCq/xk9113O4dZlRixOauAjOtrjsXDZ8=
golang.org/x/xerrors v0.0.0-20191204190536-9bdfabe68543 h1:E7g+9GITq07hpfrRu66IVDexMakfv52eLZ2CXBWiKr4=
golang.org/x/xerrors v0.0.0-20191204190536-9bdfabe68543/go.mod h1:I/5z698sn9Ka8TeJc9MKroUUfqBBauWjQqLJ2OPfmY0=
google.golang.org/protobuf v1.26.0-rc.1/go.mod h1:jlhhOSvTdKEhbULTjvd4ARK9grFBp09yW+WbY/TyQbw=
google.golang.org/protobuf v1.28.1 h1:d0NfwRgPtno5B1Wa6L2DAG+KivqkdutMf1UhdNx175w=
google.golang.org/protobuf v1.28.1/go.mod h1:HV8QOd/L58Z+nl8r43ehVNZIU/HEI6OcFqwMG9pJV4I=
gopkg.in/check.v1 v0.0.0-20161208181325-20d25e280405/go.mod h1:Co6ibVJAznAaIkqp8huTwlJQCZ016jof/cbN4VW5Yz0=
gopkg.in/check.v1 v1.0.0-20180628173108-788fd7840127 h1:qIbj1fsPNlZgppZ+VLlY7N33q108Sa+fhmuc+sWQYwY=
gopkg.in/yaml.v2 v2.4.0 h1:D8xgwECY7CYvx+Y2n4sBz93Jn9JRvxdiyyo8CTfuKaY=
gopkg.in/yaml.v3 v3.0.0-20200313102051-9f266ea9e77c/go.mod h1:K4uyk7z7BCEPqu6E+C64Yfv1cQ7kz7rIZviUmN+EgEM=
gopkg.in/yaml.v3 v3.0.1 h1:fxVm/GzAzEWqLHuvctI91KS9hhNmmWOoWu0XTYJS7CA=
gopkg.in/yaml.v3 v3.0.1/go.mod h1:K4uyk7z7BCEPqu6E+C64Yfv1cQ7kz7rIZviUmN+EgEM=
