# This file is autogenerated, do not edit; changes may be undone by the next 'dep ensure'.


[[projects]]
  digest = "1:a2c1d0e43bd3baaa071d1b9ed72c27d78169b2b269f71c105ac4ba34b1be4a39"
  name = "github.com/davecgh/go-spew"
  packages = ["spew"]
  pruneopts = "UT"
  revision = "346938d642f2ec3594ed81d874461961cd0faa76"
  version = "v1.1.0"

[[projects]]
  branch = "develop"
  digest = "1:ea6ab75aab02251fde7fd9445d9361ce8c143b8303c0dd83f44b5b722c180029"
  name = "github.com/palantir/conjure-go-runtime"
  packages = [
    "conjure-go-client/httpclient",
    "conjure-go-client/httpclient/internal",
    "conjure-go-contract/codecs",
  ]
  pruneopts = "UT"
  revision = "9612edbe05ee90901fe8e5ad8d7e681e218ee356"

[[projects]]
  digest = "1:8fc9facdaa8da62488d1f6f7563808b92917d1a192c31e9f70a690085c3b3dcc"
  name = "github.com/palantir/pkg"
  packages = [
    "bytesbuffers",
    "metrics",
    "retry",
    "tlsconfig",
  ]
  pruneopts = "UT"
  revision = "97c88835cd7ba5e284c4d94f1b63e0709a78bc01"
  version = "0.8.1"

[[projects]]
  branch = "develop"
  digest = "1:89b7c2365c6b481a9e1c83a203c817d117376f48330811a977d84ec198281c8b"
  name = "github.com/palantir/witchcraft-go-error"
  packages = [
    ".",
    "internal/errors",
  ]
  pruneopts = "UT"
  revision = "adb1d93c5741a300abbcce7883ad61f825a4f1a7"

[[projects]]
  digest = "1:b9f94210f969ea72ba34edda1693d9e59a969d6df1b8a3bdc1a4388bf960fe92"
  name = "github.com/palantir/witchcraft-go-logging"
  packages = [
    "internal/gopath",
    "wlog",
    "wlog/internal",
    "wlog/svclog/svc1log",
  ]
  pruneopts = "UT"
  revision = "32c08db2f673e004f52389d3bfd3412dccc9906f"
  version = "1.0.1"

[[projects]]
  branch = "develop"
  digest = "1:412711cba1f6195c9c8cc32ca04da9dfed10c07f2a21b1f5229e07c3f0a9fef0"
  name = "github.com/palantir/witchcraft-go-params"
  packages = ["."]
  pruneopts = "UT"
  revision = "d5c8ded2ab5588d1a81f306247162cb54d2504d7"

[[projects]]
  branch = "develop"
  digest = "1:9acb46be488d065a3010de706ec4f8a8231083052b7d7642945a9671a428afee"
  name = "github.com/palantir/witchcraft-go-tracing"
  packages = [
    "wtracing",
    "wtracing/propagation/b3",
  ]
  pruneopts = "UT"
  revision = "cdc181c163e22a6bee05a6277f8462bf786c0d4c"

[[projects]]
  digest = "1:40e195917a951a8bf867cd05de2a46aaf1806c50cf92eebf4c16f78cd196f747"
  name = "github.com/pkg/errors"
  packages = ["."]
  pruneopts = "UT"
  revision = "645ef00459ed84a119197bfb8d8205042c6df63d"
  version = "v0.8.0"

[[projects]]
  digest = "1:0028cb19b2e4c3112225cd871870f2d9cf49b9b4276531f03438a88e94be86fe"
  name = "github.com/pmezard/go-difflib"
  packages = ["difflib"]
  pruneopts = "UT"
  revision = "792786c7400a136282c1664665ae0a8db921c6c2"
  version = "v1.0.0"

[[projects]]
  branch = "master"
  digest = "1:c4556a44e350b50a490544d9b06e9fba9c286c21d6c0e47f54f3a9214597298c"
  name = "github.com/rcrowley/go-metrics"
  packages = ["."]
  pruneopts = "UT"
  revision = "e2704e165165ec55d062f5919b4b29494e9fa790"

[[projects]]
  digest = "1:c40d65817cdd41fac9aa7af8bed56927bb2d6d47e4fea566a74880f5c2b1c41e"
  name = "github.com/stretchr/testify"
  packages = [
    "assert",
    "require",
  ]
  pruneopts = "UT"
  revision = "f35b8ab0b5a2cef36673838d662e249dd9c94686"
  version = "v1.2.2"

[[projects]]
  branch = "master"
  digest = "1:7e6fae42de2f3d0b336c0937eb487ae9404545294c0429ae0a6893cae8616d38"
  name = "golang.org/x/net"
  packages = [
    "http/httpguts",
    "http2",
    "http2/hpack",
    "idna",
  ]
  pruneopts = "UT"
  revision = "32a936f46389aa10549d60bd7833e54b01685d09"

[[projects]]
  digest = "1:a2ab62866c75542dd18d2b069fec854577a20211d7c0ea6ae746072a1dccdd18"
  name = "golang.org/x/text"
  packages = [
    "collate",
    "collate/build",
    "internal/colltab",
    "internal/gen",
    "internal/tag",
    "internal/triegen",
    "internal/ucd",
    "language",
    "secure/bidirule",
    "transform",
    "unicode/bidi",
    "unicode/cldr",
    "unicode/norm",
    "unicode/rangetable",
  ]
  pruneopts = "UT"
  revision = "f21a4dfb5e38f5895301dc265a8def02365cc3d0"
  version = "v0.3.0"

[solve-meta]
  analyzer-name = "dep"
  analyzer-version = 1
  input-imports = [
    "github.com/palantir/conjure-go-runtime/conjure-go-client/httpclient",
    "github.com/palantir/conjure-go-runtime/conjure-go-contract/codecs",
    "github.com/palantir/pkg/retry",
    "github.com/palantir/witchcraft-go-error",
    "github.com/palantir/witchcraft-go-logging/wlog/svclog/svc1log",
    "github.com/stretchr/testify/assert",
    "github.com/stretchr/testify/require",
  ]
  solver-name = "gps-cdcl"
  solver-version = 1
